{
  "plugin_type": "utilities",
  "name": "elementary",
  "namespace": "elementary",
  "variant": "matatika",
  "label": "Elementary",
  "repo": "https://github.com/elementary-data/elementary",
  "pip_url": "elementary-data[postgres,snowflake]==0.12.0 git+https://github.com/matatika/elementary-ext.git",
  "executable": "edr",
  "description": "Elementary is an open-source data observability solution for data & analytics engineers.",
  "logo_url": "https://app.matatika.com/assets/logos/utilities/elementary.png",
  "settings": [
    {
      "name": "profiles-dir",
      "kind": "string",
      "value": "${MELTANO_PROJECT_ROOT}/transform/profile",
      "label": "Profiles Directory",
      "description": "Profiles directory path for your dbt project",
      "placeholder": "${MELTANO_PROJECT_ROOT}/transform/profile",
      "protected": false
    },
    {
      "name": "project_dir",
      "kind": "string",
      "value": "${MELTANO_PROJECT_ROOT}/transform/",
      "label": "Project Directory",
      "description": "Project directory path for your dbt project",
      "protected": false
    },
    {
      "name": "file-path",
      "kind": "string",
      "value": "${MELTANO_PROJECT_ROOT}/output/elementary.html",
      "label": "File Path",
      "description": "Location of the file generated by the `report` commands",
      "placeholder": "${MELTANO_PROJECT_ROOT}/output/elementary.html",
      "protected": false
    },
    {
      "name": "slack-token",
      "kind": "password",
      "label": "Slack Token",
      "description": "If necessary, slack token for sending notifications to slack",
      "protected": false
    },
    {
      "name": "slack-channel-name",
      "kind": "string",
      "value": "elementary-notifs",
      "label": "Slack Channel Name",
      "description": "If necessary, slack channel name in which to send notifications to",
      "protected": false
    }
  ],
  "commands": {
    "monitor-report": {
      "args": "monitor-report",
      "description": "Allows you to generate a report and sent to to your file path",
      "executable": "elementary_extension"
    },
    "monitor-send-report": {
      "args": "monitor-send-report",
      "description": "Allows you to generate a report and send it through slack",
      "executable": "elementary_extension"
    },
    "describe": {
      "args": "describe",
      "executable": "elementary_extension"
    },
    "initialize": {
      "args": "initialize",
      "description": "Allows you to initialize your Elementary extension.",
      "executable": "elementary_extension"
    }
  }
}