{
  "plugin_type": "utilities",
  "name": "sendgrid",
  "namespace": "utility_sendgrid",
  "variant": "matatika",
  "label": "Sendgrid",
  "docs": "https://www.matatika.com/data-details/sendgrid/",
  "pip_url": "git+https://github.com/Matatika/utility-sendgrid.git",
  "description": "Sendgrid is a cloud-based email delivery platform that helps businesses send and manage their email campaigns.\n### Prerequisites\n- To Address(es): The To Address(es) are the email addresses of the recipients you want to send the email to. These can be obtained from your own database or by prompting the user to enter them.\n- From Address: The From Address is the email address that the email will be sent from. This can be obtained from your Sendgrid account settings or by prompting the user to enter it.\n- Title: The Title is the subject line of the email. This can be obtained from your own database or by prompting the user to enter it.\n- Body: The Body is the content of the email. This can be obtained from your own database or by prompting the user to enter it.\n- API Key: The API Key is a unique identifier that allows you to connect to the Sendgrid API. This can be obtained from your Sendgrid account settings.",
  "logo_url": "https://app.matatika.com/assets/images/utility/sendgrid.png",
  "settings": [
    {
      "name": "to_addresses",
      "kind": "string",
      "label": "To Address(es)",
      "description": "The email address(es) of the recipient(s) of the email.",
      "protected": false,
      "required": "true"
    },
    {
      "name": "from_address",
      "kind": "string",
      "label": "From Address",
      "description": "The email address of the sender of the email.",
      "protected": false,
      "required": "true"
    },
    {
      "name": "title",
      "kind": "string",
      "label": "Title",
      "description": "The subject line of the email.",
      "protected": false,
      "required": "true"
    },
    {
      "name": "body",
      "kind": "string",
      "label": "Body",
      "description": "The main content of the email.",
      "protected": false,
      "required": "true"
    },
    {
      "name": "attachments",
      "kind": "string",
      "label": "Attachments",
      "description": "Files that are attached to the email.",
      "protected": false
    },
    {
      "name": "api_key",
      "kind": "password",
      "label": "API Key",
      "description": "A unique identifier used to authenticate and authorize API requests to Sendgrid.",
      "protected": false,
      "required": "true"
    },
    {
      "name": "content_type",
      "kind": "string",
      "value": "text/plain",
      "label": "Content Type",
      "description": "The type of content you are sending in your email body. An example is `text/html`.",
      "protected": false
    }
  ],
  "commands": {
    "send": {
      "args": " ",
      "description": "Sends sendgrid email."
    }
  }
}